
Microsoft Visual Studio Solution File, Format Version 12.00
# Visual Studio Version 16
VisualStudioVersion = 16.0.32901.82
MinimumVisualStudioVersion = 10.0.40219.1
Project("{FAE04EC0-301F-11D3-BF4B-00C04F79EFBC}") = "MadChoresMain", "MadChoresMain.csproj", "{421FE04A-1D54-48EE-BA4B-B8AEF2B7DFE5}"
EndProject
Global
	GlobalSection(SolutionConfigurationPlatforms) = preSolution
		Debug|Any CPU = Debug|Any CPU
		Release|Any CPU = Release|Any CPU
	EndGlobalSection
	GlobalSection(ProjectConfigurationPlatforms) = postSolution
		{421FE04A-1D54-48EE-BA4B-B8AEF2B7DFE5}.Debug|Any CPU.ActiveCfg = Debug|Any CPU
		{421FE04A-1D54-48EE-BA4B-B8AEF2B7DFE5}.Debug|Any CPU.Build.0 = Debug|Any CPU
		{421FE04A-1D54-48EE-BA4B-B8AEF2B7DFE5}.Release|Any CPU.ActiveCfg = Release|Any CPU
		{421FE04A-1D54-48EE-BA4B-B8AEF2B7DFE5}.Release|Any CPU.Build.0 = Release|Any CPU
	EndGlobalSection
	GlobalSection(SolutionProperties) = preSolution
		HideSolutionNode = FALSE
	EndGlobalSection
	GlobalSection(ExtensibilityGlobals) = postSolution
		SolutionGuid = {1279E415-7727-47BE-93B9-4D7B8543C4AA}
	EndGlobalSection
EndGlobal
